{
  "name": "Projeto-SIBDAS",
  "lockfileVersion": 3,
  "requires": true,
  "packages": {
    "": {
      "dependencies": {
        "chart.js": "^4.5.1",
        "flatpickr": "^4.6.13",
        "simple-datatables": "^9.0.3"
      }
    },
    "node_modules/@kurkle/color": {
      "version": "0.3.4",
      "resolved": "https://registry.npmjs.org/@kurkle/color/-/color-0.3.4.tgz",
      "integrity": "sha512-M5UknZPHRu3DEDWoipU6sE8PdkZ6Z/S+v4dD+Ke8IaNlpdSQah50lz1KtcFBa2vsdOnwbbnxJwVM4wty6udA5w==",
      "license": "MIT"
    },
    "node_modules/chart.js": {
      "version": "4.5.1",
      "resolved": "https://registry.npmjs.org/chart.js/-/chart.js-4.5.1.tgz",
      "integrity": "sha512-GIjfiT9dbmHRiYi6Nl2yFCq7kkwdkp1W/lp2J99rX0yo9tgJGn3lKQATztIjb5tVtevcBtIdICNWqlq5+E8/Pw==",
      "license": "MIT",
      "dependencies": {
        "@kurkle/color": "^0.3.0"
      },
      "engines": {
        "pnpm": ">=8"
      }
    },
    "node_modules/dayjs": {
      "version": "1.11.21",
      "resolved": "https://registry.npmjs.org/dayjs/-/dayjs-1.11.21.tgz",
      "integrity": "sha512-98IT+HOahAisibz/yjKbzuOBwYcjJ7BCLPzARyHiyEBmRz4fatF+KPJszEHXsGYjUG234aH/cOjW1wwTbKUZlA==",
      "license": "MIT"
    },
    "node_modules/diff-dom": {
      "version": "5.2.1",
      "resolved": "https://registry.npmjs.org/diff-dom/-/diff-dom-5.2.1.tgz",
      "integrity": "sha512-G6WquwIa/XOxiYDYRMxfJj+c+a6LXMv7zgXoAQ3eRjTYkc8Lc4Aq97krTu/B15r243FR7dyeSxDenzKtO6sbfA==",
      "license": "LGPL-3.0"
    },
    "node_modules/flatpickr": {
      "version": "4.6.13",
      "resolved": "https://registry.npmjs.org/flatpickr/-/flatpickr-4.6.13.tgz",
      "integrity": "sha512-97PMG/aywoYpB4IvbvUJi0RQi8vearvU0oov1WW3k0WZPBMrTQVqekSX5CjSG/M4Q3i6A/0FKXC7RyAoAUUSPw==",
      "license": "MIT"
    },
    "node_modules/simple-datatables": {
      "version": "9.0.3",
      "resolved": "https://registry.npmjs.org/simple-datatables/-/simple-datatables-9.0.3.tgz",
      "integrity": "sha512-/QB3wSPLmz4IHfJIaTASiHJWIOmGEZVanKv9qwUOwGPEf+xILOdb30lm9i+jf/CPYpwbKf7Ti3yKIsF2ny+erQ==",
      "license": "LGPL-3.0",
      "dependencies": {
        "dayjs": "^1.11.10",
        "diff-dom": "^5.1.3"
      }
    }
  }
}
